
Microsoft Visual Studio Solution File, Format Version 12.00
# Visual Studio 2012
Project("{FAE04EC0-301F-11D3-BF4B-00C04F79EFBC}") = "slntool", "slntool\slntool.csproj", "{824550EC-8F91-488F-85DF-33AA3325311D}"
EndProject
Project("{FAE04EC0-301F-11D3-BF4B-00C04F79EFBC}") = "SolutionTool", "SolutionTool\SolutionTool.csproj", "{25BFC764-6725-4BE0-9B0B-71BF5C0C3E44}"
EndProject
Project("{2150E333-8FDC-42A3-9474-1A3956D46DE8}") = "Doc", "Doc", "{358B22C6-86A1-4F7D-8073-CC49149568B9}"
	ProjectSection(SolutionItems) = preProject
		..\..\Doc\Elance-SolutionChecker.md = ..\..\Doc\Elance-SolutionChecker.md
	EndProjectSection
EndProject
Project("{2150E333-8FDC-42A3-9474-1A3956D46DE8}") = "lib", "lib", "{D436BBC9-6CE7-4D4D-8F50-6B2BA7D2830C}"
	ProjectSection(SolutionItems) = preProject
		..\..\lib\prism\Microsoft.Practices.Prism.dll = ..\..\lib\prism\Microsoft.Practices.Prism.dll
		..\..\lib\prism\Microsoft.Practices.Prism.Interactivity.dll = ..\..\lib\prism\Microsoft.Practices.Prism.Interactivity.dll
		..\..\lib\prism\Microsoft.Practices.Prism.MefExtensions.dll = ..\..\lib\prism\Microsoft.Practices.Prism.MefExtensions.dll
		..\..\lib\prism\Microsoft.Practices.Prism.UnityExtensions.dll = ..\..\lib\prism\Microsoft.Practices.Prism.UnityExtensions.dll
		..\..\lib\prism\Microsoft.Practices.ServiceLocation.dll = ..\..\lib\prism\Microsoft.Practices.ServiceLocation.dll
		..\..\lib\prism\Microsoft.Practices.Unity.dll = ..\..\lib\prism\Microsoft.Practices.Unity.dll
	EndProjectSection
EndProject
Project("{2150E333-8FDC-42A3-9474-1A3956D46DE8}") = "Modules", "Modules", "{A049C8B0-3899-4C07-B333-6985247F1FE1}"
EndProject
Project("{FAE04EC0-301F-11D3-BF4B-00C04F79EFBC}") = "ManageRule", "Modules\ManageRule\ManageRule.csproj", "{50EB8974-4573-4AAB-A2B2-98243B8A472C}"
EndProject
Project("{FAE04EC0-301F-11D3-BF4B-00C04F79EFBC}") = "SolutionTool.Infrasturcture", "SolutionTool.Infrasturcture\SolutionTool.Infrasturcture.csproj", "{386162CE-50D2-4472-B41C-F518749610BE}"
EndProject
Project("{FAE04EC0-301F-11D3-BF4B-00C04F79EFBC}") = "Options", "Modules\Options\Options.csproj", "{9D61ED08-5ED6-490F-9FA1-28BFB1A05EE0}"
EndProject
Project("{FAE04EC0-301F-11D3-BF4B-00C04F79EFBC}") = "ManageTemplate", "Modules\ManageTemplate\ManageTemplate.csproj", "{FD713F2B-E732-4862-9932-F127A95DB0C1}"
EndProject
Project("{FAE04EC0-301F-11D3-BF4B-00C04F79EFBC}") = "SolutionChecker", "Modules\SolutionChecker\SolutionChecker.csproj", "{268BCA0E-BE03-4043-9347-46A7D91A2215}"
EndProject
Global
	GlobalSection(SolutionConfigurationPlatforms) = preSolution
		Debug|Any CPU = Debug|Any CPU
		Release|Any CPU = Release|Any CPU
	EndGlobalSection
	GlobalSection(ProjectConfigurationPlatforms) = postSolution
		{824550EC-8F91-488F-85DF-33AA3325311D}.Debug|Any CPU.ActiveCfg = Debug|Any CPU
		{824550EC-8F91-488F-85DF-33AA3325311D}.Debug|Any CPU.Build.0 = Debug|Any CPU
		{824550EC-8F91-488F-85DF-33AA3325311D}.Release|Any CPU.ActiveCfg = Release|Any CPU
		{824550EC-8F91-488F-85DF-33AA3325311D}.Release|Any CPU.Build.0 = Release|Any CPU
		{25BFC764-6725-4BE0-9B0B-71BF5C0C3E44}.Debug|Any CPU.ActiveCfg = Debug|Any CPU
		{25BFC764-6725-4BE0-9B0B-71BF5C0C3E44}.Debug|Any CPU.Build.0 = Debug|Any CPU
		{25BFC764-6725-4BE0-9B0B-71BF5C0C3E44}.Release|Any CPU.ActiveCfg = Release|Any CPU
		{25BFC764-6725-4BE0-9B0B-71BF5C0C3E44}.Release|Any CPU.Build.0 = Release|Any CPU
		{50EB8974-4573-4AAB-A2B2-98243B8A472C}.Debug|Any CPU.ActiveCfg = Debug|Any CPU
		{50EB8974-4573-4AAB-A2B2-98243B8A472C}.Debug|Any CPU.Build.0 = Debug|Any CPU
		{50EB8974-4573-4AAB-A2B2-98243B8A472C}.Release|Any CPU.ActiveCfg = Release|Any CPU
		{50EB8974-4573-4AAB-A2B2-98243B8A472C}.Release|Any CPU.Build.0 = Release|Any CPU
		{386162CE-50D2-4472-B41C-F518749610BE}.Debug|Any CPU.ActiveCfg = Debug|Any CPU
		{386162CE-50D2-4472-B41C-F518749610BE}.Debug|Any CPU.Build.0 = Debug|Any CPU
		{386162CE-50D2-4472-B41C-F518749610BE}.Release|Any CPU.ActiveCfg = Release|Any CPU
		{386162CE-50D2-4472-B41C-F518749610BE}.Release|Any CPU.Build.0 = Release|Any CPU
		{9D61ED08-5ED6-490F-9FA1-28BFB1A05EE0}.Debug|Any CPU.ActiveCfg = Debug|Any CPU
		{9D61ED08-5ED6-490F-9FA1-28BFB1A05EE0}.Debug|Any CPU.Build.0 = Debug|Any CPU
		{9D61ED08-5ED6-490F-9FA1-28BFB1A05EE0}.Release|Any CPU.ActiveCfg = Release|Any CPU
		{9D61ED08-5ED6-490F-9FA1-28BFB1A05EE0}.Release|Any CPU.Build.0 = Release|Any CPU
		{FD713F2B-E732-4862-9932-F127A95DB0C1}.Debug|Any CPU.ActiveCfg = Debug|Any CPU
		{FD713F2B-E732-4862-9932-F127A95DB0C1}.Debug|Any CPU.Build.0 = Debug|Any CPU
		{FD713F2B-E732-4862-9932-F127A95DB0C1}.Release|Any CPU.ActiveCfg = Release|Any CPU
		{FD713F2B-E732-4862-9932-F127A95DB0C1}.Release|Any CPU.Build.0 = Release|Any CPU
		{268BCA0E-BE03-4043-9347-46A7D91A2215}.Debug|Any CPU.ActiveCfg = Debug|Any CPU
		{268BCA0E-BE03-4043-9347-46A7D91A2215}.Debug|Any CPU.Build.0 = Debug|Any CPU
		{268BCA0E-BE03-4043-9347-46A7D91A2215}.Release|Any CPU.ActiveCfg = Release|Any CPU
		{268BCA0E-BE03-4043-9347-46A7D91A2215}.Release|Any CPU.Build.0 = Release|Any CPU
	EndGlobalSection
	GlobalSection(SolutionProperties) = preSolution
		HideSolutionNode = FALSE
	EndGlobalSection
	GlobalSection(NestedProjects) = preSolution
		{50EB8974-4573-4AAB-A2B2-98243B8A472C} = {A049C8B0-3899-4C07-B333-6985247F1FE1}
		{9D61ED08-5ED6-490F-9FA1-28BFB1A05EE0} = {A049C8B0-3899-4C07-B333-6985247F1FE1}
		{FD713F2B-E732-4862-9932-F127A95DB0C1} = {A049C8B0-3899-4C07-B333-6985247F1FE1}
		{268BCA0E-BE03-4043-9347-46A7D91A2215} = {A049C8B0-3899-4C07-B333-6985247F1FE1}
	EndGlobalSection
EndGlobal
