
Microsoft Visual Studio Solution File, Format Version 12.00
# Visual Studio 2012
Project("{FAE04EC0-301F-11D3-BF4B-00C04F79EFBC}") = "slntool", "slntool\slntool.csproj", "{824550EC-8F91-488F-85DF-33AA3325311D}"
EndProject
Project("{FAE04EC0-301F-11D3-BF4B-00C04F79EFBC}") = "SolutionTool", "SolutionTool\SolutionTool.csproj", "{25BFC764-6725-4BE0-9B0B-71BF5C0C3E44}"
EndProject
Project("{2150E333-8FDC-42A3-9474-1A3956D46DE8}") = "Doc", "Doc", "{358B22C6-86A1-4F7D-8073-CC49149568B9}"
	ProjectSection(SolutionItems) = preProject
		..\..\Doc\Elance-SolutionChecker.md = ..\..\Doc\Elance-SolutionChecker.md
	EndProjectSection
EndProject
Project("{FAE04EC0-301F-11D3-BF4B-00C04F79EFBC}") = "Orc.StyleCop.CSharp.Rules", "Orc.StyleCop.CSharp.Rules\Orc.StyleCop.CSharp.Rules.csproj", "{3571D4CE-059F-4A22-A24A-F6B5106C65D3}"
EndProject
Global
	GlobalSection(SolutionConfigurationPlatforms) = preSolution
		Debug|Any CPU = Debug|Any CPU
		Release|Any CPU = Release|Any CPU
	EndGlobalSection
	GlobalSection(ProjectConfigurationPlatforms) = postSolution
		{824550EC-8F91-488F-85DF-33AA3325311D}.Debug|Any CPU.ActiveCfg = Debug|Any CPU
		{824550EC-8F91-488F-85DF-33AA3325311D}.Debug|Any CPU.Build.0 = Debug|Any CPU
		{824550EC-8F91-488F-85DF-33AA3325311D}.Release|Any CPU.ActiveCfg = Release|Any CPU
		{824550EC-8F91-488F-85DF-33AA3325311D}.Release|Any CPU.Build.0 = Release|Any CPU
		{25BFC764-6725-4BE0-9B0B-71BF5C0C3E44}.Debug|Any CPU.ActiveCfg = Debug|Any CPU
		{25BFC764-6725-4BE0-9B0B-71BF5C0C3E44}.Debug|Any CPU.Build.0 = Debug|Any CPU
		{25BFC764-6725-4BE0-9B0B-71BF5C0C3E44}.Release|Any CPU.ActiveCfg = Release|Any CPU
		{25BFC764-6725-4BE0-9B0B-71BF5C0C3E44}.Release|Any CPU.Build.0 = Release|Any CPU
		{3571D4CE-059F-4A22-A24A-F6B5106C65D3}.Debug|Any CPU.ActiveCfg = Debug|Any CPU
		{3571D4CE-059F-4A22-A24A-F6B5106C65D3}.Debug|Any CPU.Build.0 = Debug|Any CPU
		{3571D4CE-059F-4A22-A24A-F6B5106C65D3}.Release|Any CPU.ActiveCfg = Release|Any CPU
		{3571D4CE-059F-4A22-A24A-F6B5106C65D3}.Release|Any CPU.Build.0 = Release|Any CPU
	EndGlobalSection
	GlobalSection(SolutionProperties) = preSolution
		HideSolutionNode = FALSE
	EndGlobalSection
EndGlobal
